// !$*UTF8*$!
{
	archiveVersion = 1;
	classes = {
	};
	objectVersion = 50;
	objects = {

/* Begin PBXBuildFile section */
		136960B93E5180160BEB57BF /* Pods_Turkey_Outdoors.framework in Frameworks */ = {isa = PBXBuildFile; fileRef = 29DFEE9C78DDB2C5499B7078 /* Pods_Turkey_Outdoors.framework */; };
		5EF69934207239C90092C068 /* AppDelegate.swift in Sources */ = {isa = PBXBuildFile; fileRef = 5EF69933207239C90092C068 /* AppDelegate.swift */; };
		5EF69936207239C90092C068 /* ViewController.swift in Sources */ = {isa = PBXBuildFile; fileRef = 5EF69935207239C90092C068 /* ViewController.swift */; };
		5EF69939207239C90092C068 /* Main.storyboard in Resources */ = {isa = PBXBuildFile; fileRef = 5EF69937207239C90092C068 /* Main.storyboard */; };
		5EF6993B207239CD0092C068 /* Assets.xcassets in Resources */ = {isa = PBXBuildFile; fileRef = 5EF6993A207239CD0092C068 /* Assets.xcassets */; };
		5EF6993E207239CD0092C068 /* LaunchScreen.storyboard in Resources */ = {isa = PBXBuildFile; fileRef = 5EF6993C207239CD0092C068 /* LaunchScreen.storyboard */; };
		5EF6994620723A150092C068 /* .gitignore in Resources */ = {isa = PBXBuildFile; fileRef = 5EF6994520723A150092C068 /* .gitignore */; };
/* End PBXBuildFile section */

/* Begin PBXFileReference section */
		29DFEE9C78DDB2C5499B7078 /* Pods_Turkey_Outdoors.framework */ = {isa = PBXFileReference; explicitFileType = wrapper.framework; includeInIndex = 0; path = Pods_Turkey_Outdoors.framework; sourceTree = BUILT_PRODUCTS_DIR; };
		5EF69930207239C90092C068 /* Turkey-Outdoors.app */ = {isa = PBXFileReference; explicitFileType = wrapper.application; includeInIndex = 0; path = "Turkey-Outdoors.app"; sourceTree = BUILT_PRODUCTS_DIR; };
		5EF69933207239C90092C068 /* AppDelegate.swift */ = {isa = PBXFileReference; lastKnownFileType = sourcecode.swift; path = AppDelegate.swift; sourceTree = "<group>"; };
		5EF69935207239C90092C068 /* ViewController.swift */ = {isa = PBXFileReference; lastKnownFileType = sourcecode.swift; path = ViewController.swift; sourceTree = "<group>"; };
		5EF69938207239C90092C068 /* Base */ = {isa = PBXFileReference; lastKnownFileType = file.storyboard; name = Base; path = Base.lproj/Main.storyboard; sourceTree = "<group>"; };
		5EF6993A207239CD0092C068 /* Assets.xcassets */ = {isa = PBXFileReference; lastKnownFileType = folder.assetcatalog; path = Assets.xcassets; sourceTree = "<group>"; };
		5EF6993D207239CD0092C068 /* Base */ = {isa = PBXFileReference; lastKnownFileType = file.storyboard; name = Base; path = Base.lproj/LaunchScreen.storyboard; sourceTree = "<group>"; };
		5EF6993F207239CE0092C068 /* Info.plist */ = {isa = PBXFileReference; lastKnownFileType = text.plist.xml; path = Info.plist; sourceTree = "<group>"; };
		5EF6994520723A150092C068 /* .gitignore */ = {isa = PBXFileReference; lastKnownFileType = text; path = .gitignore; sourceTree = "<group>"; };
		66A480F113900408151C7B7F /* Pods-Turkey-Outdoors.release.xcconfig */ = {isa = PBXFileReference; includeInIndex = 1; lastKnownFileType = text.xcconfig; name = "Pods-Turkey-Outdoors.release.xcconfig"; path = "Pods/Target Support Files/Pods-Turkey-Outdoors/Pods-Turkey-Outdoors.release.xcconfig"; sourceTree = "<group>"; };
		AD474B341B4CC995C039693A /* Pods-Turkey-Outdoors.debug.xcconfig */ = {isa = PBXFileReference; includeInIndex = 1; lastKnownFileType = text.xcconfig; name = "Pods-Turkey-Outdoors.debug.xcconfig"; path = "Pods/Target Support Files/Pods-Turkey-Outdoors/Pods-Turkey-Outdoors.debug.xcconfig"; sourceTree = "<group>"; };
/* End PBXFileReference section */

/* Begin PBXFrameworksBuildPhase section */
		5EF6992D207239C90092C068 /* Frameworks */ = {
			isa = PBXFrameworksBuildPhase;
			buildActionMask = 2147483647;
			files = (
				136960B93E5180160BEB57BF /* Pods_Turkey_Outdoors.framework in Frameworks */,
			);
			runOnlyForDeploymentPostprocessing = 0;
		};
/* End PBXFrameworksBuildPhase section */

/* Begin PBXGroup section */
		4DD3EDE76A0F45DDA2FFC42C /* Pods */ = {
			isa = PBXGroup;
			children = (
				AD474B341B4CC995C039693A /* Pods-Turkey-Outdoors.debug.xcconfig */,
				66A480F113900408151C7B7F /* Pods-Turkey-Outdoors.release.xcconfig */,
			);
			name = Pods;
			sourceTree = "<group>";
		};
		5EF69927207239C90092C068 = {
			isa = PBXGroup;
			children = (
				5EF6994520723A150092C068 /* .gitignore */,
				5EF69932207239C90092C068 /* Turkey-Outdoors */,
				5EF69931207239C90092C068 /* Products */,
				4DD3EDE76A0F45DDA2FFC42C /* Pods */,
				9CE3521443D4479F20DC5282 /* Frameworks */,
			);
			sourceTree = "<group>";
		};
		5EF69931207239C90092C068 /* Products */ = {
			isa = PBXGroup;
			children = (
				5EF69930207239C90092C068 /* Turkey-Outdoors.app */,
			);
			name = Products;
			sourceTree = "<group>";
		};
		5EF69932207239C90092C068 /* Turkey-Outdoors */ = {
			isa = PBXGroup;
			children = (
				5EF69933207239C90092C068 /* AppDelegate.swift */,
				5EF69935207239C90092C068 /* ViewController.swift */,
				5EF69937207239C90092C068 /* Main.storyboard */,
				5EF6993A207239CD0092C068 /* Assets.xcassets */,
				5EF6993C207239CD0092C068 /* LaunchScreen.storyboard */,
				5EF6993F207239CE0092C068 /* Info.plist */,
			);
			path = "Turkey-Outdoors";
			sourceTree = "<group>";
		};
		9CE3521443D4479F20DC5282 /* Frameworks */ = {
			isa = PBXGroup;
			children = (
				29DFEE9C78DDB2C5499B7078 /* Pods_Turkey_Outdoors.framework */,
			);
			name = Frameworks;
			sourceTree = "<group>";
		};
/* End PBXGroup section */

/* Begin PBXNativeTarget section */
		5EF6992F207239C90092C068 /* Turkey-Outdoors */ = {
			isa = PBXNativeTarget;
			buildConfigurationList = 5EF69942207239CE0092C068 /* Build configuration list for PBXNativeTarget "Turkey-Outdoors" */;
			buildPhases = (
				84CAD045EB90C6680661DAC5 /* [CP] Check Pods Manifest.lock */,
				5EF6992C207239C90092C068 /* Sources */,
				5EF6992D207239C90092C068 /* Frameworks */,
				5EF6992E207239C90092C068 /* Resources */,
				4D004EA6B0FB181549D7AF59 /* [CP] Embed Pods Frameworks */,
				8AEC570917AB506C2F635C2A /* [CP] Copy Pods Resources */,
			);
			buildRules = (
			);
			dependencies = (
			);
			name = "Turkey-Outdoors";
			productName = "Turkey-Outdoors";
			productReference = 5EF69930207239C90092C068 /* Turkey-Outdoors.app */;
			productType = "com.apple.product-type.application";
		};
/* End PBXNativeTarget section */

/* Begin PBXProject section */
		5EF69928207239C90092C068 /* Project object */ = {
			isa = PBXProject;
			attributes = {
				LastSwiftUpdateCheck = 0930;
				LastUpgradeCheck = 0930;
				ORGANIZATIONNAME = "Onur Madran";
				TargetAttributes = {
					5EF6992F207239C90092C068 = {
						CreatedOnToolsVersion = 9.3;
					};
				};
			};
			buildConfigurationList = 5EF6992B207239C90092C068 /* Build configuration list for PBXProject "Turkey-Outdoors" */;
			compatibilityVersion = "Xcode 9.3";
			developmentRegion = en;
			hasScannedForEncodings = 0;
			knownRegions = (
				en,
				Base,
			);
			mainGroup = 5EF69927207239C90092C068;
			productRefGroup = 5EF69931207239C90092C068 /* Products */;
			projectDirPath = "";
			projectRoot = "";
			targets = (
				5EF6992F207239C90092C068 /* Turkey-Outdoors */,
			);
		};
/* End PBXProject section */

/* Begin PBXResourcesBuildPhase section */
		5EF6992E207239C90092C068 /* Resources */ = {
			isa = PBXResourcesBuildPhase;
			buildActionMask = 2147483647;
			files = (
				5EF6994620723A150092C068 /* .gitignore in Resources */,
				5EF6993E207239CD0092C068 /* LaunchScreen.storyboard in Resources */,
				5EF6993B207239CD0092C068 /* Assets.xcassets in Resources */,
				5EF69939207239C90092C068 /* Main.storyboard in Resources */,
			);
			runOnlyForDeploymentPostprocessing = 0;
		};
/* End PBXResourcesBuildPhase section */

/* Begin PBXShellScriptBuildPhase section */
		4D004EA6B0FB181549D7AF59 /* [CP] Embed Pods Frameworks */ = {
			isa = PBXShellScriptBuildPhase;
			buildActionMask = 2147483647;
			files = (
			);
			inputPaths = (
			);
			name = "[CP] Embed Pods Frameworks";
			outputPaths = (
			);
			runOnlyForDeploymentPostprocessing = 0;
			shellPath = /bin/sh;
			shellScript = "\"${SRCROOT}/Pods/Target Support Files/Pods-Turkey-Outdoors/Pods-Turkey-Outdoors-frameworks.sh\"\n";
			showEnvVarsInLog = 0;
		};
		84CAD045EB90C6680661DAC5 /* [CP] Check Pods Manifest.lock */ = {
			isa = PBXShellScriptBuildPhase;
			buildActionMask = 2147483647;
			files = (
			);
			inputPaths = (
				"${PODS_PODFILE_DIR_PATH}/Podfile.lock",
				"${PODS_ROOT}/Manifest.lock",
			);
			name = "[CP] Check Pods Manifest.lock";
			outputPaths = (
				"$(DERIVED_FILE_DIR)/Pods-Turkey-Outdoors-checkManifestLockResult.txt",
			);
			runOnlyForDeploymentPostprocessing = 0;
			shellPath = /bin/sh;
			shellScript = "diff \"${PODS_PODFILE_DIR_PATH}/Podfile.lock\" \"${PODS_ROOT}/Manifest.lock\" > /dev/null\nif [ $? != 0 ] ; then\n    # print error to STDERR\n    echo \"error: The sandbox is not in sync with the Podfile.lock. Run 'pod install' or update your CocoaPods installation.\" >&2\n    exit 1\nfi\n# This output is used by Xcode 'outputs' to avoid re-running this script phase.\necho \"SUCCESS\" > \"${SCRIPT_OUTPUT_FILE_0}\"\n";
			showEnvVarsInLog = 0;
		};
		8AEC570917AB506C2F635C2A /* [CP] Copy Pods Resources */ = {
			isa = PBXShellScriptBuildPhase;
			buildActionMask = 2147483647;
			files = (
			);
			inputPaths = (
			);
			name = "[CP] Copy Pods Resources";
			outputPaths = (
			);
			runOnlyForDeploymentPostprocessing = 0;
			shellPath = /bin/sh;
			shellScript = "\"${SRCROOT}/Pods/Target Support Files/Pods-Turkey-Outdoors/Pods-Turkey-Outdoors-resources.sh\"\n";
			showEnvVarsInLog = 0;
		};
/* End PBXShellScriptBuildPhase section */

/* Begin PBXSourcesBuildPhase section */
		5EF6992C207239C90092C068 /* Sources */ = {
			isa = PBXSourcesBuildPhase;
			buildActionMask = 2147483647;
			files = (
				5EF69936207239C90092C068 /* ViewController.swift in Sources */,
				5EF69934207239C90092C068 /* AppDelegate.swift in Sources */,
			);
			runOnlyForDeploymentPostprocessing = 0;
		};
/* End PBXSourcesBuildPhase section */

/* Begin PBXVariantGroup section */
		5EF69937207239C90092C068 /* Main.storyboard */ = {
			isa = PBXVariantGroup;
			children = (
				5EF69938207239C90092C068 /* Base */,
			);
			name = Main.storyboard;
			sourceTree = "<group>";
		};
		5EF6993C207239CD0092C068 /* LaunchScreen.storyboard */ = {
			isa = PBXVariantGroup;
			children = (
				5EF6993D207239CD0092C068 /* Base */,
			);
			name = LaunchScreen.storyboard;
			sourceTree = "<group>";
		};
/* End PBXVariantGroup section */

/* Begin XCBuildConfiguration section */
		5EF69940207239CE0092C068 /* Debug */ = {
			isa = XCBuildConfiguration;
			buildSettings = {
				ALWAYS_SEARCH_USER_PATHS = NO;
				CLANG_ANALYZER_NONNULL = YES;
				CLANG_ANALYZER_NUMBER_OBJECT_CONVERSION = YES_AGGRESSIVE;
				CLANG_CXX_LANGUAGE_STANDARD = "gnu++14";
				CLANG_CXX_LIBRARY = "libc++";
				CLANG_ENABLE_MODULES = YES;
				CLANG_ENABLE_OBJC_ARC = YES;
				CLANG_ENABLE_OBJC_WEAK = YES;
				CLANG_WARN_BLOCK_CAPTURE_AUTORELEASING = YES;
				CLANG_WARN_BOOL_CONVERSION = YES;
				CLANG_WARN_COMMA = YES;
				CLANG_WARN_CONSTANT_CONVERSION = YES;
				CLANG_WARN_DEPRECATED_OBJC_IMPLEMENTATIONS = YES;
				CLANG_WARN_DIRECT_OBJC_ISA_USAGE = YES_ERROR;
				CLANG_WARN_DOCUMENTATION_COMMENTS = YES;
				CLANG_WARN_EMPTY_BODY = YES;
				CLANG_WARN_ENUM_CONVERSION = YES;
				CLANG_WARN_INFINITE_RECURSION = YES;
				CLANG_WARN_INT_CONVERSION = YES;
				CLANG_WARN_NON_LITERAL_NULL_CONVERSION = YES;
				CLANG_WARN_OBJC_IMPLICIT_RETAIN_SELF = YES;
				CLANG_WARN_OBJC_LITERAL_CONVERSION = YES;
				CLANG_WARN_OBJC_ROOT_CLASS = YES_ERROR;
				CLANG_WARN_RANGE_LOOP_ANALYSIS = YES;
				CLANG_WARN_STRICT_PROTOTYPES = YES;
				CLANG_WARN_SUSPICIOUS_MOVE = YES;
				CLANG_WARN_UNGUARDED_AVAILABILITY = YES_AGGRESSIVE;
				CLANG_WARN_UNREACHABLE_CODE = YES;
				CLANG_WARN__DUPLICATE_METHOD_MATCH = YES;
				CODE_SIGN_IDENTITY = "iPhone Developer";
				COPY_PHASE_STRIP = NO;
				DEBUG_INFORMATION_FORMAT = dwarf;
				ENABLE_STRICT_OBJC_MSGSEND = YES;
				ENABLE_TESTABILITY = YES;
				GCC_C_LANGUAGE_STANDARD = gnu11;
				GCC_DYNAMIC_NO_PIC = NO;
				GCC_NO_COMMON_BLOCKS = YES;
				GCC_OPTIMIZATION_LEVEL = 0;
				GCC_PREPROCESSOR_DEFINITIONS = (
					"DEBUG=1",
					"$(inherited)",
				);
				GCC_WARN_64_TO_32_BIT_CONVERSION = YES;
				GCC_WARN_ABOUT_RETURN_TYPE = YES_ERROR;
				GCC_WARN_UNDECLARED_SELECTOR = YES;
				GCC_WARN_UNINITIALIZED_AUTOS = YES_AGGRESSIVE;
				GCC_WARN_UNUSED_FUNCTION = YES;
				GCC_WARN_UNUSED_VARIABLE = YES;
				IPHONEOS_DEPLOYMENT_TARGET = 11.3;
				MTL_ENABLE_DEBUG_INFO = YES;
				ONLY_ACTIVE_ARCH = YES;
				SDKROOT = iphoneos;
				SWIFT_ACTIVE_COMPILATION_CONDITIONS = DEBUG;
				SWIFT_OPTIMIZATION_LEVEL = "-Onone";
			};
			name = Debug;
		};
		5EF69941207239CE0092C068 /* Release */ = {
			isa = XCBuildConfiguration;
			buildSettings = {
				ALWAYS_SEARCH_USER_PATHS = NO;
				CLANG_ANALYZER_NONNULL = YES;
				CLANG_ANALYZER_NUMBER_OBJECT_CONVERSION = YES_AGGRESSIVE;
				CLANG_CXX_LANGUAGE_STANDARD = "gnu++14";
				CLANG_CXX_LIBRARY = "libc++";
				CLANG_ENABLE_MODULES = YES;
				CLANG_ENABLE_OBJC_ARC = YES;
				CLANG_ENABLE_OBJC_WEAK = YES;
				CLANG_WARN_BLOCK_CAPTURE_AUTORELEASING = YES;
				CLANG_WARN_BOOL_CONVERSION = YES;
				CLANG_WARN_COMMA = YES;
				CLANG_WARN_CONSTANT_CONVERSION = YES;
				CLANG_WARN_DEPRECATED_OBJC_IMPLEMENTATIONS = YES;
				CLANG_WARN_DIRECT_OBJC_ISA_USAGE = YES_ERROR;
				CLANG_WARN_DOCUMENTATION_COMMENTS = YES;
				CLANG_WARN_EMPTY_BODY = YES;
				CLANG_WARN_ENUM_CONVERSION = YES;
				CLANG_WARN_INFINITE_RECURSION = YES;
				CLANG_WARN_INT_CONVERSION = YES;
				CLANG_WARN_NON_LITERAL_NULL_CONVERSION = YES;
				CLANG_WARN_OBJC_IMPLICIT_RETAIN_SELF = YES;
				CLANG_WARN_OBJC_LITERAL_CONVERSION = YES;
				CLANG_WARN_OBJC_ROOT_CLASS = YES_ERROR;
				CLANG_WARN_RANGE_LOOP_ANALYSIS = YES;
				CLANG_WARN_STRICT_PROTOTYPES = YES;
				CLANG_WARN_SUSPICIOUS_MOVE = YES;
				CLANG_WARN_UNGUARDED_AVAILABILITY = YES_AGGRESSIVE;
				CLANG_WARN_UNREACHABLE_CODE = YES;
				CLANG_WARN__DUPLICATE_METHOD_MATCH = YES;
				CODE_SIGN_IDENTITY = "iPhone Developer";
				COPY_PHASE_STRIP = NO;
				DEBUG_INFORMATION_FORMAT = "dwarf-with-dsym";
				ENABLE_NS_ASSERTIONS = NO;
				ENABLE_STRICT_OBJC_MSGSEND = YES;
				GCC_C_LANGUAGE_STANDARD = gnu11;
				GCC_NO_COMMON_BLOCKS = YES;
				GCC_WARN_64_TO_32_BIT_CONVERSION = YES;
				GCC_WARN_ABOUT_RETURN_TYPE = YES_ERROR;
				GCC_WARN_UNDECLARED_SELECTOR = YES;
				GCC_WARN_UNINITIALIZED_AUTOS = YES_AGGRESSIVE;
				GCC_WARN_UNUSED_FUNCTION = YES;
				GCC_WARN_UNUSED_VARIABLE = YES;
				IPHONEOS_DEPLOYMENT_TARGET = 11.3;
				MTL_ENABLE_DEBUG_INFO = NO;
				SDKROOT = iphoneos;
				SWIFT_COMPILATION_MODE = wholemodule;
				SWIFT_OPTIMIZATION_LEVEL = "-O";
				VALIDATE_PRODUCT = YES;
			};
			name = Release;
		};
		5EF69943207239CE0092C068 /* Debug */ = {
			isa = XCBuildConfiguration;
			baseConfigurationReference = AD474B341B4CC995C039693A /* Pods-Turkey-Outdoors.debug.xcconfig */;
			buildSettings = {
				ASSETCATALOG_COMPILER_APPICON_NAME = AppIcon;
				CODE_SIGN_STYLE = Automatic;
				INFOPLIST_FILE = "Turkey-Outdoors/Info.plist";
				LD_RUNPATH_SEARCH_PATHS = "$(inherited) @executable_path/Frameworks";
				PRODUCT_BUNDLE_IDENTIFIER = "com.fo.Turkey-Outdoors";
				PRODUCT_NAME = "$(TARGET_NAME)";
				SWIFT_VERSION = 4.0;
				TARGETED_DEVICE_FAMILY = "1,2";
			};
			name = Debug;
		};
		5EF69944207239CE0092C068 /* Release */ = {
			isa = XCBuildConfiguration;
			baseConfigurationReference = 66A480F113900408151C7B7F /* Pods-Turkey-Outdoors.release.xcconfig */;
			buildSettings = {
				ASSETCATALOG_COMPILER_APPICON_NAME = AppIcon;
				CODE_SIGN_STYLE = Automatic;
				INFOPLIST_FILE = "Turkey-Outdoors/Info.plist";
				LD_RUNPATH_SEARCH_PATHS = "$(inherited) @executable_path/Frameworks";
				PRODUCT_BUNDLE_IDENTIFIER = "com.fo.Turkey-Outdoors";
				PRODUCT_NAME = "$(TARGET_NAME)";
				SWIFT_VERSION = 4.0;
				TARGETED_DEVICE_FAMILY = "1,2";
			};
			name = Release;
		};
/* End XCBuildConfiguration section */

/* Begin XCConfigurationList section */
		5EF6992B207239C90092C068 /* Build configuration list for PBXProject "Turkey-Outdoors" */ = {
			isa = XCConfigurationList;
			buildConfigurations = (
				5EF69940207239CE0092C068 /* Debug */,
				5EF69941207239CE0092C068 /* Release */,
			);
			defaultConfigurationIsVisible = 0;
			defaultConfigurationName = Release;
		};
		5EF69942207239CE0092C068 /* Build configuration list for PBXNativeTarget "Turkey-Outdoors" */ = {
			isa = XCConfigurationList;
			buildConfigurations = (
				5EF69943207239CE0092C068 /* Debug */,
				5EF69944207239CE0092C068 /* Release */,
			);
			defaultConfigurationIsVisible = 0;
			defaultConfigurationName = Release;
		};
/* End XCConfigurationList section */
	};
	rootObject = 5EF69928207239C90092C068 /* Project object */;
}
